
Microsoft Visual Studio Solution File, Format Version 12.00
# Visual Studio Version 17
VisualStudioVersion = 17.13.35828.75
MinimumVisualStudioVersion = 10.0.40219.1
Project("{FAE04EC0-301F-11D3-BF4B-00C04F79EFBC}") = "Client", "Client.csproj", "{8E07AF73-89BE-4ED1-A133-336CC6E4667D}"
EndProject
Global
	GlobalSection(SolutionConfigurationPlatforms) = preSolution
		Debug|Any CPU = Debug|Any CPU
		Debug|x64 = Debug|x64
		Release|Any CPU = Release|Any CPU
		Release|x64 = Release|x64
	EndGlobalSection
	GlobalSection(ProjectConfigurationPlatforms) = postSolution
		{8E07AF73-89BE-4ED1-A133-336CC6E4667D}.Debug|Any CPU.ActiveCfg = Debug|Any CPU
		{8E07AF73-89BE-4ED1-A133-336CC6E4667D}.Debug|Any CPU.Build.0 = Debug|Any CPU
		{8E07AF73-89BE-4ED1-A133-336CC6E4667D}.Debug|x64.ActiveCfg = Debug|x64
		{8E07AF73-89BE-4ED1-A133-336CC6E4667D}.Debug|x64.Build.0 = Debug|x64
		{8E07AF73-89BE-4ED1-A133-336CC6E4667D}.Release|Any CPU.ActiveCfg = Release|Any CPU
		{8E07AF73-89BE-4ED1-A133-336CC6E4667D}.Release|Any CPU.Build.0 = Release|Any CPU
		{8E07AF73-89BE-4ED1-A133-336CC6E4667D}.Release|x64.ActiveCfg = Release|x64
		{8E07AF73-89BE-4ED1-A133-336CC6E4667D}.Release|x64.Build.0 = Release|x64
	EndGlobalSection
	GlobalSection(SolutionProperties) = preSolution
		HideSolutionNode = FALSE
	EndGlobalSection
	GlobalSection(ExtensibilityGlobals) = postSolution
		SolutionGuid = {A777A021-1FE2-461A-874B-67E0352C09EC}
	EndGlobalSection
EndGlobal
